
Microsoft Visual Studio Solution File, Format Version 12.00
# Visual Studio Version 17
VisualStudioVersion = 17.4.33213.308
MinimumVisualStudioVersion = 10.0.40219.1
Project("{2150E333-8FDC-42A3-9474-1A3956D46DE8}") = "src", "src", "{741E9834-1797-469A-A6D8-3BF1648F19AA}"
EndProject
Project("{2150E333-8FDC-42A3-9474-1A3956D46DE8}") = "Domain", "Domain", "{69EFE2EA-D23D-4B20-AC3C-480D114CA80D}"
EndProject
Project("{2150E333-8FDC-42A3-9474-1A3956D46DE8}") = "Application", "Application", "{91D25CEF-FC03-4B0F-9D5E-24CA1B45014B}"
EndProject
Project("{2150E333-8FDC-42A3-9474-1A3956D46DE8}") = "Infrastructure", "Infrastructure", "{D202149C-88F6-400E-9027-4B0ABEC9A028}"
EndProject
Project("{2150E333-8FDC-42A3-9474-1A3956D46DE8}") = "Presentation", "Presentation", "{D3BF504A-F819-4FB9-B47F-56DFD143E8FA}"
EndProject
Project("{FAE04EC0-301F-11D3-BF4B-00C04F79EFBC}") = "SYS.Application", "src\Application\SYS.Application\SYS.Application.csproj", "{FDB3002C-54B4-4F55-A784-A135431CEF7A}"
EndProject
Project("{FAE04EC0-301F-11D3-BF4B-00C04F79EFBC}") = "SYS.Domain", "src\Domain\SYS.Domain\SYS.Domain.csproj", "{C178220D-B780-40F8-8951-7912256E524F}"
EndProject
Project("{FAE04EC0-301F-11D3-BF4B-00C04F79EFBC}") = "SYS.Infrastructure", "src\Infrastructure\SYS.Infrastructure\SYS.Infrastructure.csproj", "{BC1375BB-F094-4E7B-A3EC-FB6CAFA89A5E}"
EndProject
Project("{FAE04EC0-301F-11D3-BF4B-00C04F79EFBC}") = "SYS.API", "src\Presentation\SYS.API\SYS.API.csproj", "{C36EC42A-0C93-4694-8E0E-464A2C0A7003}"
EndProject
Global
	GlobalSection(SolutionConfigurationPlatforms) = preSolution
		Debug|Any CPU = Debug|Any CPU
		Release|Any CPU = Release|Any CPU
	EndGlobalSection
	GlobalSection(ProjectConfigurationPlatforms) = postSolution
		{FDB3002C-54B4-4F55-A784-A135431CEF7A}.Debug|Any CPU.ActiveCfg = Debug|Any CPU
		{FDB3002C-54B4-4F55-A784-A135431CEF7A}.Debug|Any CPU.Build.0 = Debug|Any CPU
		{FDB3002C-54B4-4F55-A784-A135431CEF7A}.Release|Any CPU.ActiveCfg = Release|Any CPU
		{FDB3002C-54B4-4F55-A784-A135431CEF7A}.Release|Any CPU.Build.0 = Release|Any CPU
		{C178220D-B780-40F8-8951-7912256E524F}.Debug|Any CPU.ActiveCfg = Debug|Any CPU
		{C178220D-B780-40F8-8951-7912256E524F}.Debug|Any CPU.Build.0 = Debug|Any CPU
		{C178220D-B780-40F8-8951-7912256E524F}.Release|Any CPU.ActiveCfg = Release|Any CPU
		{C178220D-B780-40F8-8951-7912256E524F}.Release|Any CPU.Build.0 = Release|Any CPU
		{BC1375BB-F094-4E7B-A3EC-FB6CAFA89A5E}.Debug|Any CPU.ActiveCfg = Debug|Any CPU
		{BC1375BB-F094-4E7B-A3EC-FB6CAFA89A5E}.Debug|Any CPU.Build.0 = Debug|Any CPU
		{BC1375BB-F094-4E7B-A3EC-FB6CAFA89A5E}.Release|Any CPU.ActiveCfg = Release|Any CPU
		{BC1375BB-F094-4E7B-A3EC-FB6CAFA89A5E}.Release|Any CPU.Build.0 = Release|Any CPU
		{C36EC42A-0C93-4694-8E0E-464A2C0A7003}.Debug|Any CPU.ActiveCfg = Debug|Any CPU
		{C36EC42A-0C93-4694-8E0E-464A2C0A7003}.Debug|Any CPU.Build.0 = Debug|Any CPU
		{C36EC42A-0C93-4694-8E0E-464A2C0A7003}.Release|Any CPU.ActiveCfg = Release|Any CPU
		{C36EC42A-0C93-4694-8E0E-464A2C0A7003}.Release|Any CPU.Build.0 = Release|Any CPU
	EndGlobalSection
	GlobalSection(SolutionProperties) = preSolution
		HideSolutionNode = FALSE
	EndGlobalSection
	GlobalSection(NestedProjects) = preSolution
		{69EFE2EA-D23D-4B20-AC3C-480D114CA80D} = {741E9834-1797-469A-A6D8-3BF1648F19AA}
		{91D25CEF-FC03-4B0F-9D5E-24CA1B45014B} = {741E9834-1797-469A-A6D8-3BF1648F19AA}
		{D202149C-88F6-400E-9027-4B0ABEC9A028} = {741E9834-1797-469A-A6D8-3BF1648F19AA}
		{D3BF504A-F819-4FB9-B47F-56DFD143E8FA} = {741E9834-1797-469A-A6D8-3BF1648F19AA}
		{FDB3002C-54B4-4F55-A784-A135431CEF7A} = {91D25CEF-FC03-4B0F-9D5E-24CA1B45014B}
		{C178220D-B780-40F8-8951-7912256E524F} = {69EFE2EA-D23D-4B20-AC3C-480D114CA80D}
		{BC1375BB-F094-4E7B-A3EC-FB6CAFA89A5E} = {D202149C-88F6-400E-9027-4B0ABEC9A028}
		{C36EC42A-0C93-4694-8E0E-464A2C0A7003} = {D3BF504A-F819-4FB9-B47F-56DFD143E8FA}
	EndGlobalSection
	GlobalSection(ExtensibilityGlobals) = postSolution
		SolutionGuid = {BBC9E78E-4F11-4450-A415-5EAB4C3A1DB5}
	EndGlobalSection
EndGlobal
